
Microsoft Visual Studio Solution File, Format Version 12.00
# Visual Studio Version 16
VisualStudioVersion = 16.0.31205.134
MinimumVisualStudioVersion = 10.0.40219.1
Project("{FAE04EC0-301F-11D3-BF4B-00C04F79EFBC}") = "TallerFrameWork", "TallerFrameWork\TallerFrameWork.csproj", "{5D891F16-8592-484C-BEB8-DCA3F2386583}"
EndProject
Global
	GlobalSection(SolutionConfigurationPlatforms) = preSolution
		Debug|Any CPU = Debug|Any CPU
		Release|Any CPU = Release|Any CPU
	EndGlobalSection
	GlobalSection(ProjectConfigurationPlatforms) = postSolution
		{5D891F16-8592-484C-BEB8-DCA3F2386583}.Debug|Any CPU.ActiveCfg = Debug|Any CPU
		{5D891F16-8592-484C-BEB8-DCA3F2386583}.Debug|Any CPU.Build.0 = Debug|Any CPU
		{5D891F16-8592-484C-BEB8-DCA3F2386583}.Release|Any CPU.ActiveCfg = Release|Any CPU
		{5D891F16-8592-484C-BEB8-DCA3F2386583}.Release|Any CPU.Build.0 = Release|Any CPU
	EndGlobalSection
	GlobalSection(SolutionProperties) = preSolution
		HideSolutionNode = FALSE
	EndGlobalSection
	GlobalSection(ExtensibilityGlobals) = postSolution
		SolutionGuid = {A0811B74-3DF9-4674-B0EF-BF0FC215E7E2}
	EndGlobalSection
EndGlobal
